<?xml version="1.0" encoding="utf-8"?>
<Project ToolsVersion="4.0" xmlns="http://schemas.microsoft.com/developer/msbuild/2003">
  <ItemGroup>
    <Filter Include="Source Files">
      <UniqueIdentifier>{4FC737F1-C7A5-4376-A066-2A32D752A2FF}</UniqueIdentifier>
      <Extensions>cpp;c;cc;cxx;def;odl;idl;hpj;bat;asm;asmx</Extensions>
    </Filter>
    <Filter Include="Header Files">
      <UniqueIdentifier>{93995380-89BD-4b04-88EB-625FBE52EBFB}</UniqueIdentifier>
      <Extensions>h;hpp;hxx;hm;inl;inc;xsd</Extensions>
    </Filter>
    <Filter Include="Shader Files">
      <UniqueIdentifier>{67DA6AB6-F800-4c08-8B7A-83BB121AAD01}</UniqueIdentifier>
      <Extensions>rc;ico;cur;bmp;dlg;rc2;rct;bin;rgs;gif;jpg;jpeg;jpe;resx;tiff;tif;png;wav</Extensions>
    </Filter>
  </ItemGroup>
  <ItemGroup>
    <None Include="C:\Users\user\Desktop\dx11ter07_src\dx11ter07_src\source\color.vs">
      <Filter>Source Files</Filter>
    </None>
    <None Include="C:\Users\user\Desktop\dx11ter07_src\dx11ter07_src\source\font.ps">
      <Filter>Source Files</Filter>
    </None>
    <None Include="C:\Users\user\Desktop\dx11ter07_src\dx11ter07_src\source\font.vs">
      <Filter>Source Files</Filter>
    </None>
    <None Include="C:\Users\user\Desktop\dx11ter07_src\dx11ter07_src\source\light.ps">
      <Filter>Source Files</Filter>
    </None>
    <None Include="C:\Users\user\Desktop\dx11ter07_src\dx11ter07_src\source\light.vs">
      <Filter>Source Files</Filter>
    </None>
    <None Include="C:\Users\user\Desktop\dx11ter07_src\dx11ter07_src\source\skydome.ps">
      <Filter>Source Files</Filter>
    </None>
    <None Include="C:\Users\user\Desktop\dx11ter07_src\dx11ter07_src\source\skydome.vs">
      <Filter>Source Files</Filter>
    </None>
    <None Include="C:\Users\user\Desktop\dx11ter07_src\dx11ter07_src\source\terrain.ps">
      <Filter>Source Files</Filter>
    </None>
    <None Include="C:\Users\user\Desktop\dx11ter07_src\dx11ter07_src\source\terrain.vs">
      <Filter>Source Files</Filter>
    </None>
    <None Include="C:\Users\user\Desktop\dx11ter07_src\dx11ter07_src\source\texture.ps">
      <Filter>Source Files</Filter>
    </None>
    <None Include="C:\Users\user\Desktop\dx11ter07_src\dx11ter07_src\source\texture.vs">
      <Filter>Source Files</Filter>
    </None>
    <None Include="C:\Users\user\Desktop\dx11ter07_src\dx11ter07_src\source\color.ps">
      <Filter>Source Files</Filter>
    </None>
  </ItemGroup>
  <ItemGroup>
    <ClCompile Include="C:\Users\user\Desktop\dx11ter07_src\dx11ter07_src\source\colorshaderclass.cpp">
      <Filter>Source Files</Filter>
    </ClCompile>
    <ClCompile Include="C:\Users\user\Desktop\dx11ter07_src\dx11ter07_src\source\d3dclass.cpp">
      <Filter>Source Files</Filter>
    </ClCompile>
    <ClCompile Include="C:\Users\user\Desktop\dx11ter07_src\dx11ter07_src\source\fontclass.cpp">
      <Filter>Source Files</Filter>
    </ClCompile>
    <ClCompile Include="C:\Users\user\Desktop\dx11ter07_src\dx11ter07_src\source\fontshaderclass.cpp">
      <Filter>Source Files</Filter>
    </ClCompile>
    <ClCompile Include="C:\Users\user\Desktop\dx11ter07_src\dx11ter07_src\source\fpsclass.cpp">
      <Filter>Source Files</Filter>
    </ClCompile>
    <ClCompile Include="C:\Users\user\Desktop\dx11ter07_src\dx11ter07_src\source\inputclass.cpp">
      <Filter>Source Files</Filter>
    </ClCompile>
    <ClCompile Include="C:\Users\user\Desktop\dx11ter07_src\dx11ter07_src\source\lightclass.cpp">
      <Filter>Source Files</Filter>
    </ClCompile>
    <ClCompile Include="C:\Users\user\Desktop\dx11ter07_src\dx11ter07_src\source\lightshaderclass.cpp">
      <Filter>Source Files</Filter>
    </ClCompile>
    <ClCompile Include="C:\Users\user\Desktop\dx11ter07_src\dx11ter07_src\source\main.cpp">
      <Filter>Source Files</Filter>
    </ClCompile>
    <ClCompile Include="C:\Users\user\Desktop\dx11ter07_src\dx11ter07_src\source\positionclass.cpp">
      <Filter>Source Files</Filter>
    </ClCompile>
    <ClCompile Include="C:\Users\user\Desktop\dx11ter07_src\dx11ter07_src\source\shadermanagerclass.cpp">
      <Filter>Source Files</Filter>
    </ClCompile>
    <ClCompile Include="C:\Users\user\Desktop\dx11ter07_src\dx11ter07_src\source\skydomeclass.cpp">
      <Filter>Source Files</Filter>
    </ClCompile>
    <ClCompile Include="C:\Users\user\Desktop\dx11ter07_src\dx11ter07_src\source\skydomeshaderclass.cpp">
      <Filter>Source Files</Filter>
    </ClCompile>
    <ClCompile Include="C:\Users\user\Desktop\dx11ter07_src\dx11ter07_src\source\systemclass.cpp">
      <Filter>Source Files</Filter>
    </ClCompile>
    <ClCompile Include="C:\Users\user\Desktop\dx11ter07_src\dx11ter07_src\source\terrainclass.cpp">
      <Filter>Source Files</Filter>
    </ClCompile>
    <ClCompile Include="C:\Users\user\Desktop\dx11ter07_src\dx11ter07_src\source\terrainshaderclass.cpp">
      <Filter>Source Files</Filter>
    </ClCompile>
    <ClCompile Include="C:\Users\user\Desktop\dx11ter07_src\dx11ter07_src\source\textclass.cpp">
      <Filter>Source Files</Filter>
    </ClCompile>
    <ClCompile Include="C:\Users\user\Desktop\dx11ter07_src\dx11ter07_src\source\textureclass.cpp">
      <Filter>Source Files</Filter>
    </ClCompile>
    <ClCompile Include="C:\Users\user\Desktop\dx11ter07_src\dx11ter07_src\source\texturemanagerclass.cpp">
      <Filter>Source Files</Filter>
    </ClCompile>
    <ClCompile Include="C:\Users\user\Desktop\dx11ter07_src\dx11ter07_src\source\textureshaderclass.cpp">
      <Filter>Source Files</Filter>
    </ClCompile>
    <ClCompile Include="C:\Users\user\Desktop\dx11ter07_src\dx11ter07_src\source\timerclass.cpp">
      <Filter>Source Files</Filter>
    </ClCompile>
    <ClCompile Include="C:\Users\user\Desktop\dx11ter07_src\dx11ter07_src\source\userinterfaceclass.cpp">
      <Filter>Source Files</Filter>
    </ClCompile>
    <ClCompile Include="C:\Users\user\Desktop\dx11ter07_src\dx11ter07_src\source\zoneclass.cpp">
      <Filter>Source Files</Filter>
    </ClCompile>
    <ClCompile Include="C:\Users\user\Desktop\dx11ter07_src\dx11ter07_src\source\applicationclass.cpp">
      <Filter>Source Files</Filter>
    </ClCompile>
    <ClCompile Include="C:\Users\user\Desktop\dx11ter07_src\dx11ter07_src\source\cameraclass.cpp">
      <Filter>Source Files</Filter>
    </ClCompile>
  </ItemGroup>
  <ItemGroup>
    <ClInclude Include="C:\Users\user\Desktop\dx11ter07_src\dx11ter07_src\source\colorshaderclass.h">
      <Filter>Source Files</Filter>
    </ClInclude>
    <ClInclude Include="C:\Users\user\Desktop\dx11ter07_src\dx11ter07_src\source\d3dclass.h">
      <Filter>Source Files</Filter>
    </ClInclude>
    <ClInclude Include="C:\Users\user\Desktop\dx11ter07_src\dx11ter07_src\source\fontclass.h">
      <Filter>Source Files</Filter>
    </ClInclude>
    <ClInclude Include="C:\Users\user\Desktop\dx11ter07_src\dx11ter07_src\source\fontshaderclass.h">
      <Filter>Source Files</Filter>
    </ClInclude>
    <ClInclude Include="C:\Users\user\Desktop\dx11ter07_src\dx11ter07_src\source\fpsclass.h">
      <Filter>Source Files</Filter>
    </ClInclude>
    <ClInclude Include="C:\Users\user\Desktop\dx11ter07_src\dx11ter07_src\source\inputclass.h">
      <Filter>Source Files</Filter>
    </ClInclude>
    <ClInclude Include="C:\Users\user\Desktop\dx11ter07_src\dx11ter07_src\source\lightclass.h">
      <Filter>Source Files</Filter>
    </ClInclude>
    <ClInclude Include="C:\Users\user\Desktop\dx11ter07_src\dx11ter07_src\source\lightshaderclass.h">
      <Filter>Source Files</Filter>
    </ClInclude>
    <ClInclude Include="C:\Users\user\Desktop\dx11ter07_src\dx11ter07_src\source\positionclass.h">
      <Filter>Source Files</Filter>
    </ClInclude>
    <ClInclude Include="C:\Users\user\Desktop\dx11ter07_src\dx11ter07_src\source\shadermanagerclass.h">
      <Filter>Source Files</Filter>
    </ClInclude>
    <ClInclude Include="C:\Users\user\Desktop\dx11ter07_src\dx11ter07_src\source\skydomeclass.h">
      <Filter>Source Files</Filter>
    </ClInclude>
    <ClInclude Include="C:\Users\user\Desktop\dx11ter07_src\dx11ter07_src\source\skydomeshaderclass.h">
      <Filter>Source Files</Filter>
    </ClInclude>
    <ClInclude Include="C:\Users\user\Desktop\dx11ter07_src\dx11ter07_src\source\systemclass.h">
      <Filter>Source Files</Filter>
    </ClInclude>
    <ClInclude Include="C:\Users\user\Desktop\dx11ter07_src\dx11ter07_src\source\terrainclass.h">
      <Filter>Source Files</Filter>
    </ClInclude>
    <ClInclude Include="C:\Users\user\Desktop\dx11ter07_src\dx11ter07_src\source\terrainshaderclass.h">
      <Filter>Source Files</Filter>
    </ClInclude>
    <ClInclude Include="C:\Users\user\Desktop\dx11ter07_src\dx11ter07_src\source\textclass.h">
      <Filter>Source Files</Filter>
    </ClInclude>
    <ClInclude Include="C:\Users\user\Desktop\dx11ter07_src\dx11ter07_src\source\textureclass.h">
      <Filter>Source Files</Filter>
    </ClInclude>
    <ClInclude Include="C:\Users\user\Desktop\dx11ter07_src\dx11ter07_src\source\texturemanagerclass.h">
      <Filter>Source Files</Filter>
    </ClInclude>
    <ClInclude Include="C:\Users\user\Desktop\dx11ter07_src\dx11ter07_src\source\textureshaderclass.h">
      <Filter>Source Files</Filter>
    </ClInclude>
    <ClInclude Include="C:\Users\user\Desktop\dx11ter07_src\dx11ter07_src\source\timerclass.h">
      <Filter>Source Files</Filter>
    </ClInclude>
    <ClInclude Include="C:\Users\user\Desktop\dx11ter07_src\dx11ter07_src\source\userinterfaceclass.h">
      <Filter>Source Files</Filter>
    </ClInclude>
    <ClInclude Include="C:\Users\user\Desktop\dx11ter07_src\dx11ter07_src\source\zoneclass.h">
      <Filter>Source Files</Filter>
    </ClInclude>
    <ClInclude Include="C:\Users\user\Desktop\dx11ter07_src\dx11ter07_src\source\applicationclass.h">
      <Filter>Source Files</Filter>
    </ClInclude>
    <ClInclude Include="C:\Users\user\Desktop\dx11ter07_src\dx11ter07_src\source\cameraclass.h">
      <Filter>Source Files</Filter>
    </ClInclude>
  </ItemGroup>
</Project>